
Microsoft Visual Studio Solution File, Format Version 12.00
# Visual Studio Version 17
VisualStudioVersion = 17.6.33801.468
MinimumVisualStudioVersion = 10.0.40219.1
Project("{FAE04EC0-301F-11D3-BF4B-00C04F79EFBC}") = "GiftQR", "GiftQR\GiftQR.csproj", "{BAC51215-E411-43DA-8669-2B20AE007CB5}"
EndProject
Project("{FAE04EC0-301F-11D3-BF4B-00C04F79EFBC}") = "GiftQRDataAccess", "GiftQRDataAccess\GiftQRDataAccess.csproj", "{E6F58ADA-CD54-4987-8143-2643B8DB6D54}"
EndProject
Project("{FAE04EC0-301F-11D3-BF4B-00C04F79EFBC}") = "GiftQRModels", "GiftQRModels\GiftQRModels.csproj", "{682A7ACF-99F7-46F2-BB49-9F6E44C26C3F}"
EndProject
Project("{FAE04EC0-301F-11D3-BF4B-00C04F79EFBC}") = "GiftQRApp", "GiftQRApp\GiftQRApp.csproj", "{939FA7BC-7416-4232-8BB1-EAB07D2D3E00}"
EndProject
Global
	GlobalSection(SolutionConfigurationPlatforms) = preSolution
		Debug|Any CPU = Debug|Any CPU
		Release|Any CPU = Release|Any CPU
	EndGlobalSection
	GlobalSection(ProjectConfigurationPlatforms) = postSolution
		{BAC51215-E411-43DA-8669-2B20AE007CB5}.Debug|Any CPU.ActiveCfg = Debug|Any CPU
		{BAC51215-E411-43DA-8669-2B20AE007CB5}.Debug|Any CPU.Build.0 = Debug|Any CPU
		{BAC51215-E411-43DA-8669-2B20AE007CB5}.Release|Any CPU.ActiveCfg = Release|Any CPU
		{BAC51215-E411-43DA-8669-2B20AE007CB5}.Release|Any CPU.Build.0 = Release|Any CPU
		{E6F58ADA-CD54-4987-8143-2643B8DB6D54}.Debug|Any CPU.ActiveCfg = Debug|Any CPU
		{E6F58ADA-CD54-4987-8143-2643B8DB6D54}.Debug|Any CPU.Build.0 = Debug|Any CPU
		{E6F58ADA-CD54-4987-8143-2643B8DB6D54}.Release|Any CPU.ActiveCfg = Release|Any CPU
		{E6F58ADA-CD54-4987-8143-2643B8DB6D54}.Release|Any CPU.Build.0 = Release|Any CPU
		{682A7ACF-99F7-46F2-BB49-9F6E44C26C3F}.Debug|Any CPU.ActiveCfg = Debug|Any CPU
		{682A7ACF-99F7-46F2-BB49-9F6E44C26C3F}.Debug|Any CPU.Build.0 = Debug|Any CPU
		{682A7ACF-99F7-46F2-BB49-9F6E44C26C3F}.Release|Any CPU.ActiveCfg = Release|Any CPU
		{682A7ACF-99F7-46F2-BB49-9F6E44C26C3F}.Release|Any CPU.Build.0 = Release|Any CPU
		{939FA7BC-7416-4232-8BB1-EAB07D2D3E00}.Debug|Any CPU.ActiveCfg = Debug|Any CPU
		{939FA7BC-7416-4232-8BB1-EAB07D2D3E00}.Debug|Any CPU.Build.0 = Debug|Any CPU
		{939FA7BC-7416-4232-8BB1-EAB07D2D3E00}.Release|Any CPU.ActiveCfg = Release|Any CPU
		{939FA7BC-7416-4232-8BB1-EAB07D2D3E00}.Release|Any CPU.Build.0 = Release|Any CPU
	EndGlobalSection
	GlobalSection(SolutionProperties) = preSolution
		HideSolutionNode = FALSE
	EndGlobalSection
	GlobalSection(ExtensibilityGlobals) = postSolution
		SolutionGuid = {FAF7D781-F258-4B10-A5D3-945A52390615}
	EndGlobalSection
EndGlobal
